
Microsoft Visual Studio Solution File, Format Version 12.00
# Visual Studio Version 17
VisualStudioVersion = 17.14.36414.22
MinimumVisualStudioVersion = 10.0.40219.1
Project("{8BC9CEB8-8B4A-11D0-8D11-00A0C91BC942}") = "Poker", "Poker\Poker.vcxproj", "{BD79DC80-C782-4C3F-B27C-38B11D6E7540}"
EndProject
Global
	GlobalSection(SolutionConfigurationPlatforms) = preSolution
		Debug|x64 = Debug|x64
		Production|x64 = Production|x64
		Release|x64 = Release|x64
	EndGlobalSection
	GlobalSection(ProjectConfigurationPlatforms) = postSolution
		{BD79DC80-C782-4C3F-B27C-38B11D6E7540}.Debug|x64.ActiveCfg = Release|x64
		{BD79DC80-C782-4C3F-B27C-38B11D6E7540}.Debug|x64.Build.0 = Release|x64
		{BD79DC80-C782-4C3F-B27C-38B11D6E7540}.Production|x64.ActiveCfg = Production|x64
		{BD79DC80-C782-4C3F-B27C-38B11D6E7540}.Production|x64.Build.0 = Production|x64
		{BD79DC80-C782-4C3F-B27C-38B11D6E7540}.Release|x64.ActiveCfg = Release|x64
		{BD79DC80-C782-4C3F-B27C-38B11D6E7540}.Release|x64.Build.0 = Release|x64
	EndGlobalSection
	GlobalSection(SolutionProperties) = preSolution
		HideSolutionNode = FALSE
	EndGlobalSection
	GlobalSection(ExtensibilityGlobals) = postSolution
		SolutionGuid = {3BE0A1E4-5D92-4147-840A-86454D598E3B}
	EndGlobalSection
EndGlobal
